
Microsoft Visual Studio Solution File, Format Version 12.00
# Visual Studio Version 16
VisualStudioVersion = 16.0.29409.12
MinimumVisualStudioVersion = 10.0.40219.1
Project("{FAE04EC0-301F-11D3-BF4B-00C04F79EFBC}") = "EngEdu", "EngEdu\EngEdu.csproj", "{935010FC-6BA2-4F76-A984-EB83737B4454}"
EndProject
Global
	GlobalSection(SolutionConfigurationPlatforms) = preSolution
		Debug|Any CPU = Debug|Any CPU
		Release|Any CPU = Release|Any CPU
	EndGlobalSection
	GlobalSection(ProjectConfigurationPlatforms) = postSolution
		{935010FC-6BA2-4F76-A984-EB83737B4454}.Debug|Any CPU.ActiveCfg = Debug|Any CPU
		{935010FC-6BA2-4F76-A984-EB83737B4454}.Debug|Any CPU.Build.0 = Debug|Any CPU
		{935010FC-6BA2-4F76-A984-EB83737B4454}.Release|Any CPU.ActiveCfg = Release|Any CPU
		{935010FC-6BA2-4F76-A984-EB83737B4454}.Release|Any CPU.Build.0 = Release|Any CPU
	EndGlobalSection
	GlobalSection(SolutionProperties) = preSolution
		HideSolutionNode = FALSE
	EndGlobalSection
	GlobalSection(ExtensibilityGlobals) = postSolution
		SolutionGuid = {B315B315-C8C9-4B66-896E-52FE666213BC}
	EndGlobalSection
EndGlobal
